
Microsoft Visual Studio Solution File, Format Version 12.00
# Visual Studio Version 17
VisualStudioVersion = 17.9.34728.123
MinimumVisualStudioVersion = 10.0.40219.1
Project("{54A90642-561A-4BB1-A94E-469ADEE60C69}") = "RavelDev.PensandoPeliculas.WebUi.Angular", "RavelDev.PensandoPeliculas.WebUi.Angular.esproj", "{6DCE933A-5795-4D89-9D21-07F8F9D217C5}"
EndProject
Global
	GlobalSection(SolutionConfigurationPlatforms) = preSolution
		Debug|Any CPU = Debug|Any CPU
		Release|Any CPU = Release|Any CPU
	EndGlobalSection
	GlobalSection(ProjectConfigurationPlatforms) = postSolution
		{6DCE933A-5795-4D89-9D21-07F8F9D217C5}.Debug|Any CPU.ActiveCfg = Debug|Any CPU
		{6DCE933A-5795-4D89-9D21-07F8F9D217C5}.Debug|Any CPU.Build.0 = Debug|Any CPU
		{6DCE933A-5795-4D89-9D21-07F8F9D217C5}.Debug|Any CPU.Deploy.0 = Debug|Any CPU
		{6DCE933A-5795-4D89-9D21-07F8F9D217C5}.Release|Any CPU.ActiveCfg = Release|Any CPU
		{6DCE933A-5795-4D89-9D21-07F8F9D217C5}.Release|Any CPU.Build.0 = Release|Any CPU
		{6DCE933A-5795-4D89-9D21-07F8F9D217C5}.Release|Any CPU.Deploy.0 = Release|Any CPU
	EndGlobalSection
	GlobalSection(SolutionProperties) = preSolution
		HideSolutionNode = FALSE
	EndGlobalSection
	GlobalSection(ExtensibilityGlobals) = postSolution
		SolutionGuid = {E8BE9576-3A30-4103-88BB-DAE0FAF88BD7}
	EndGlobalSection
EndGlobal
